// !$*UTF8*$!
{
	archiveVersion = 1;
	classes = {
	};
	objectVersion = 50;
	objects = {

/* Begin PBXBuildFile section */
		31186BEB25175C4100D90BE1 /* OVRegenApp.swift in Sources */ = {isa = PBXBuildFile; fileRef = 31186BEA25175C4100D90BE1 /* OVRegenApp.swift */; };
		31186BED25175C4100D90BE1 /* ContentView.swift in Sources */ = {isa = PBXBuildFile; fileRef = 31186BEC25175C4100D90BE1 /* ContentView.swift */; };
		31186BEF25175C4500D90BE1 /* Assets.xcassets in Resources */ = {isa = PBXBuildFile; fileRef = 31186BEE25175C4500D90BE1 /* Assets.xcassets */; };
		31186BF225175C4500D90BE1 /* Preview Assets.xcassets in Resources */ = {isa = PBXBuildFile; fileRef = 31186BF125175C4500D90BE1 /* Preview Assets.xcassets */; };
		31186BFD25175C4600D90BE1 /* OVRegenTests.swift in Sources */ = {isa = PBXBuildFile; fileRef = 31186BFC25175C4600D90BE1 /* OVRegenTests.swift */; };
		31186C0825175C4600D90BE1 /* OVRegenUITests.swift in Sources */ = {isa = PBXBuildFile; fileRef = 31186C0725175C4600D90BE1 /* OVRegenUITests.swift */; };
		31186C1F25175F5200D90BE1 /* PlannerView.swift in Sources */ = {isa = PBXBuildFile; fileRef = 31186C1E25175F5200D90BE1 /* PlannerView.swift */; };
		31186C3325178BAA00D90BE1 /* RoutesView.swift in Sources */ = {isa = PBXBuildFile; fileRef = 31186C3225178BAA00D90BE1 /* RoutesView.swift */; };
		31BDB8A62540296E00D46059 /* Data.swift in Sources */ = {isa = PBXBuildFile; fileRef = 31BDB8A52540296E00D46059 /* Data.swift */; };
/* End PBXBuildFile section */

/* Begin PBXContainerItemProxy section */
		31186BF925175C4600D90BE1 /* PBXContainerItemProxy */ = {
			isa = PBXContainerItemProxy;
			containerPortal = 31186BDF25175C4100D90BE1 /* Project object */;
			proxyType = 1;
			remoteGlobalIDString = 31186BE625175C4100D90BE1;
			remoteInfo = OVRegen;
		};
		31186C0425175C4600D90BE1 /* PBXContainerItemProxy */ = {
			isa = PBXContainerItemProxy;
			containerPortal = 31186BDF25175C4100D90BE1 /* Project object */;
			proxyType = 1;
			remoteGlobalIDString = 31186BE625175C4100D90BE1;
			remoteInfo = OVRegen;
		};
/* End PBXContainerItemProxy section */

/* Begin PBXFileReference section */
		31186BE725175C4100D90BE1 /* OVRegen.app */ = {isa = PBXFileReference; explicitFileType = wrapper.application; includeInIndex = 0; path = OVRegen.app; sourceTree = BUILT_PRODUCTS_DIR; };
		31186BEA25175C4100D90BE1 /* OVRegenApp.swift */ = {isa = PBXFileReference; lastKnownFileType = sourcecode.swift; path = OVRegenApp.swift; sourceTree = "<group>"; };
		31186BEC25175C4100D90BE1 /* ContentView.swift */ = {isa = PBXFileReference; lastKnownFileType = sourcecode.swift; path = ContentView.swift; sourceTree = "<group>"; };
		31186BEE25175C4500D90BE1 /* Assets.xcassets */ = {isa = PBXFileReference; lastKnownFileType = folder.assetcatalog; path = Assets.xcassets; sourceTree = "<group>"; };
		31186BF125175C4500D90BE1 /* Preview Assets.xcassets */ = {isa = PBXFileReference; lastKnownFileType = folder.assetcatalog; path = "Preview Assets.xcassets"; sourceTree = "<group>"; };
		31186BF325175C4500D90BE1 /* Info.plist */ = {isa = PBXFileReference; lastKnownFileType = text.plist.xml; path = Info.plist; sourceTree = "<group>"; };
		31186BF825175C4600D90BE1 /* OVRegenTests.xctest */ = {isa = PBXFileReference; explicitFileType = wrapper.cfbundle; includeInIndex = 0; path = OVRegenTests.xctest; sourceTree = BUILT_PRODUCTS_DIR; };
		31186BFC25175C4600D90BE1 /* OVRegenTests.swift */ = {isa = PBXFileReference; lastKnownFileType = sourcecode.swift; path = OVRegenTests.swift; sourceTree = "<group>"; };
		31186BFE25175C4600D90BE1 /* Info.plist */ = {isa = PBXFileReference; lastKnownFileType = text.plist.xml; path = Info.plist; sourceTree = "<group>"; };
		31186C0325175C4600D90BE1 /* OVRegenUITests.xctest */ = {isa = PBXFileReference; explicitFileType = wrapper.cfbundle; includeInIndex = 0; path = OVRegenUITests.xctest; sourceTree = BUILT_PRODUCTS_DIR; };
		31186C0725175C4600D90BE1 /* OVRegenUITests.swift */ = {isa = PBXFileReference; lastKnownFileType = sourcecode.swift; path = OVRegenUITests.swift; sourceTree = "<group>"; };
		31186C0925175C4600D90BE1 /* Info.plist */ = {isa = PBXFileReference; lastKnownFileType = text.plist.xml; path = Info.plist; sourceTree = "<group>"; };
		31186C1E25175F5200D90BE1 /* PlannerView.swift */ = {isa = PBXFileReference; lastKnownFileType = sourcecode.swift; path = PlannerView.swift; sourceTree = "<group>"; };
		31186C3225178BAA00D90BE1 /* RoutesView.swift */ = {isa = PBXFileReference; lastKnownFileType = sourcecode.swift; path = RoutesView.swift; sourceTree = "<group>"; };
		31BDB8A52540296E00D46059 /* Data.swift */ = {isa = PBXFileReference; lastKnownFileType = sourcecode.swift; path = Data.swift; sourceTree = "<group>"; };
/* End PBXFileReference section */

/* Begin PBXFrameworksBuildPhase section */
		31186BE425175C4100D90BE1 /* Frameworks */ = {
			isa = PBXFrameworksBuildPhase;
			buildActionMask = 2147483647;
			files = (
			);
			runOnlyForDeploymentPostprocessing = 0;
		};
		31186BF525175C4600D90BE1 /* Frameworks */ = {
			isa = PBXFrameworksBuildPhase;
			buildActionMask = 2147483647;
			files = (
			);
			runOnlyForDeploymentPostprocessing = 0;
		};
		31186C0025175C4600D90BE1 /* Frameworks */ = {
			isa = PBXFrameworksBuildPhase;
			buildActionMask = 2147483647;
			files = (
			);
			runOnlyForDeploymentPostprocessing = 0;
		};
/* End PBXFrameworksBuildPhase section */

/* Begin PBXGroup section */
		31186BDE25175C4100D90BE1 = {
			isa = PBXGroup;
			children = (
				31186BE925175C4100D90BE1 /* OVRegen */,
				31186BFB25175C4600D90BE1 /* OVRegenTests */,
				31186C0625175C4600D90BE1 /* OVRegenUITests */,
				31186BE825175C4100D90BE1 /* Products */,
			);
			sourceTree = "<group>";
		};
		31186BE825175C4100D90BE1 /* Products */ = {
			isa = PBXGroup;
			children = (
				31186BE725175C4100D90BE1 /* OVRegen.app */,
				31186BF825175C4600D90BE1 /* OVRegenTests.xctest */,
				31186C0325175C4600D90BE1 /* OVRegenUITests.xctest */,
			);
			name = Products;
			sourceTree = "<group>";
		};
		31186BE925175C4100D90BE1 /* OVRegen */ = {
			isa = PBXGroup;
			children = (
				31186C2E25178AA700D90BE1 /* Views */,
				31186BEC25175C4100D90BE1 /* ContentView.swift */,
				31BDB8A52540296E00D46059 /* Data.swift */,
				31186BEA25175C4100D90BE1 /* OVRegenApp.swift */,
				31186BEE25175C4500D90BE1 /* Assets.xcassets */,
				31186BF325175C4500D90BE1 /* Info.plist */,
				31186BF025175C4500D90BE1 /* Preview Content */,
			);
			path = OVRegen;
			sourceTree = "<group>";
		};
		31186BF025175C4500D90BE1 /* Preview Content */ = {
			isa = PBXGroup;
			children = (
				31186BF125175C4500D90BE1 /* Preview Assets.xcassets */,
			);
			path = "Preview Content";
			sourceTree = "<group>";
		};
		31186BFB25175C4600D90BE1 /* OVRegenTests */ = {
			isa = PBXGroup;
			children = (
				31186BFC25175C4600D90BE1 /* OVRegenTests.swift */,
				31186BFE25175C4600D90BE1 /* Info.plist */,
			);
			path = OVRegenTests;
			sourceTree = "<group>";
		};
		31186C0625175C4600D90BE1 /* OVRegenUITests */ = {
			isa = PBXGroup;
			children = (
				31186C0725175C4600D90BE1 /* OVRegenUITests.swift */,
				31186C0925175C4600D90BE1 /* Info.plist */,
			);
			path = OVRegenUITests;
			sourceTree = "<group>";
		};
		31186C2E25178AA700D90BE1 /* Views */ = {
			isa = PBXGroup;
			children = (
				31186C3225178BAA00D90BE1 /* RoutesView.swift */,
				31186C1E25175F5200D90BE1 /* PlannerView.swift */,
			);
			path = Views;
			sourceTree = "<group>";
		};
/* End PBXGroup section */

/* Begin PBXNativeTarget section */
		31186BE625175C4100D90BE1 /* OVRegen */ = {
			isa = PBXNativeTarget;
			buildConfigurationList = 31186C0C25175C4600D90BE1 /* Build configuration list for PBXNativeTarget "OVRegen" */;
			buildPhases = (
				31186BE325175C4100D90BE1 /* Sources */,
				31186BE425175C4100D90BE1 /* Frameworks */,
				31186BE525175C4100D90BE1 /* Resources */,
			);
			buildRules = (
			);
			dependencies = (
			);
			name = OVRegen;
			productName = OVRegen;
			productReference = 31186BE725175C4100D90BE1 /* OVRegen.app */;
			productType = "com.apple.product-type.application";
		};
		31186BF725175C4600D90BE1 /* OVRegenTests */ = {
			isa = PBXNativeTarget;
			buildConfigurationList = 31186C0F25175C4600D90BE1 /* Build configuration list for PBXNativeTarget "OVRegenTests" */;
			buildPhases = (
				31186BF425175C4600D90BE1 /* Sources */,
				31186BF525175C4600D90BE1 /* Frameworks */,
				31186BF625175C4600D90BE1 /* Resources */,
			);
			buildRules = (
			);
			dependencies = (
				31186BFA25175C4600D90BE1 /* PBXTargetDependency */,
			);
			name = OVRegenTests;
			productName = OVRegenTests;
			productReference = 31186BF825175C4600D90BE1 /* OVRegenTests.xctest */;
			productType = "com.apple.product-type.bundle.unit-test";
		};
		31186C0225175C4600D90BE1 /* OVRegenUITests */ = {
			isa = PBXNativeTarget;
			buildConfigurationList = 31186C1225175C4600D90BE1 /* Build configuration list for PBXNativeTarget "OVRegenUITests" */;
			buildPhases = (
				31186BFF25175C4600D90BE1 /* Sources */,
				31186C0025175C4600D90BE1 /* Frameworks */,
				31186C0125175C4600D90BE1 /* Resources */,
			);
			buildRules = (
			);
			dependencies = (
				31186C0525175C4600D90BE1 /* PBXTargetDependency */,
			);
			name = OVRegenUITests;
			productName = OVRegenUITests;
			productReference = 31186C0325175C4600D90BE1 /* OVRegenUITests.xctest */;
			productType = "com.apple.product-type.bundle.ui-testing";
		};
/* End PBXNativeTarget section */

/* Begin PBXProject section */
		31186BDF25175C4100D90BE1 /* Project object */ = {
			isa = PBXProject;
			attributes = {
				LastSwiftUpdateCheck = 1200;
				LastUpgradeCheck = 1200;
				TargetAttributes = {
					31186BE625175C4100D90BE1 = {
						CreatedOnToolsVersion = 12.0;
					};
					31186BF725175C4600D90BE1 = {
						CreatedOnToolsVersion = 12.0;
						TestTargetID = 31186BE625175C4100D90BE1;
					};
					31186C0225175C4600D90BE1 = {
						CreatedOnToolsVersion = 12.0;
						TestTargetID = 31186BE625175C4100D90BE1;
					};
				};
			};
			buildConfigurationList = 31186BE225175C4100D90BE1 /* Build configuration list for PBXProject "OVRegen" */;
			compatibilityVersion = "Xcode 9.3";
			developmentRegion = en;
			hasScannedForEncodings = 0;
			knownRegions = (
				en,
				Base,
			);
			mainGroup = 31186BDE25175C4100D90BE1;
			productRefGroup = 31186BE825175C4100D90BE1 /* Products */;
			projectDirPath = "";
			projectRoot = "";
			targets = (
				31186BE625175C4100D90BE1 /* OVRegen */,
				31186BF725175C4600D90BE1 /* OVRegenTests */,
				31186C0225175C4600D90BE1 /* OVRegenUITests */,
			);
		};
/* End PBXProject section */

/* Begin PBXResourcesBuildPhase section */
		31186BE525175C4100D90BE1 /* Resources */ = {
			isa = PBXResourcesBuildPhase;
			buildActionMask = 2147483647;
			files = (
				31186BF225175C4500D90BE1 /* Preview Assets.xcassets in Resources */,
				31186BEF25175C4500D90BE1 /* Assets.xcassets in Resources */,
			);
			runOnlyForDeploymentPostprocessing = 0;
		};
		31186BF625175C4600D90BE1 /* Resources */ = {
			isa = PBXResourcesBuildPhase;
			buildActionMask = 2147483647;
			files = (
			);
			runOnlyForDeploymentPostprocessing = 0;
		};
		31186C0125175C4600D90BE1 /* Resources */ = {
			isa = PBXResourcesBuildPhase;
			buildActionMask = 2147483647;
			files = (
			);
			runOnlyForDeploymentPostprocessing = 0;
		};
/* End PBXResourcesBuildPhase section */

/* Begin PBXSourcesBuildPhase section */
		31186BE325175C4100D90BE1 /* Sources */ = {
			isa = PBXSourcesBuildPhase;
			buildActionMask = 2147483647;
			files = (
				31186C3325178BAA00D90BE1 /* RoutesView.swift in Sources */,
				31BDB8A62540296E00D46059 /* Data.swift in Sources */,
				31186BED25175C4100D90BE1 /* ContentView.swift in Sources */,
				31186BEB25175C4100D90BE1 /* OVRegenApp.swift in Sources */,
				31186C1F25175F5200D90BE1 /* PlannerView.swift in Sources */,
			);
			runOnlyForDeploymentPostprocessing = 0;
		};
		31186BF425175C4600D90BE1 /* Sources */ = {
			isa = PBXSourcesBuildPhase;
			buildActionMask = 2147483647;
			files = (
				31186BFD25175C4600D90BE1 /* OVRegenTests.swift in Sources */,
			);
			runOnlyForDeploymentPostprocessing = 0;
		};
		31186BFF25175C4600D90BE1 /* Sources */ = {
			isa = PBXSourcesBuildPhase;
			buildActionMask = 2147483647;
			files = (
				31186C0825175C4600D90BE1 /* OVRegenUITests.swift in Sources */,
			);
			runOnlyForDeploymentPostprocessing = 0;
		};
/* End PBXSourcesBuildPhase section */

/* Begin PBXTargetDependency section */
		31186BFA25175C4600D90BE1 /* PBXTargetDependency */ = {
			isa = PBXTargetDependency;
			target = 31186BE625175C4100D90BE1 /* OVRegen */;
			targetProxy = 31186BF925175C4600D90BE1 /* PBXContainerItemProxy */;
		};
		31186C0525175C4600D90BE1 /* PBXTargetDependency */ = {
			isa = PBXTargetDependency;
			target = 31186BE625175C4100D90BE1 /* OVRegen */;
			targetProxy = 31186C0425175C4600D90BE1 /* PBXContainerItemProxy */;
		};
/* End PBXTargetDependency section */

/* Begin XCBuildConfiguration section */
		31186C0A25175C4600D90BE1 /* Debug */ = {
			isa = XCBuildConfiguration;
			buildSettings = {
				ALWAYS_SEARCH_USER_PATHS = NO;
				CLANG_ANALYZER_NONNULL = YES;
				CLANG_ANALYZER_NUMBER_OBJECT_CONVERSION = YES_AGGRESSIVE;
				CLANG_CXX_LANGUAGE_STANDARD = "gnu++14";
				CLANG_CXX_LIBRARY = "libc++";
				CLANG_ENABLE_MODULES = YES;
				CLANG_ENABLE_OBJC_ARC = YES;
				CLANG_ENABLE_OBJC_WEAK = YES;
				CLANG_WARN_BLOCK_CAPTURE_AUTORELEASING = YES;
				CLANG_WARN_BOOL_CONVERSION = YES;
				CLANG_WARN_COMMA = YES;
				CLANG_WARN_CONSTANT_CONVERSION = YES;
				CLANG_WARN_DEPRECATED_OBJC_IMPLEMENTATIONS = YES;
				CLANG_WARN_DIRECT_OBJC_ISA_USAGE = YES_ERROR;
				CLANG_WARN_DOCUMENTATION_COMMENTS = YES;
				CLANG_WARN_EMPTY_BODY = YES;
				CLANG_WARN_ENUM_CONVERSION = YES;
				CLANG_WARN_INFINITE_RECURSION = YES;
				CLANG_WARN_INT_CONVERSION = YES;
				CLANG_WARN_NON_LITERAL_NULL_CONVERSION = YES;
				CLANG_WARN_OBJC_IMPLICIT_RETAIN_SELF = YES;
				CLANG_WARN_OBJC_LITERAL_CONVERSION = YES;
				CLANG_WARN_OBJC_ROOT_CLASS = YES_ERROR;
				CLANG_WARN_QUOTED_INCLUDE_IN_FRAMEWORK_HEADER = YES;
				CLANG_WARN_RANGE_LOOP_ANALYSIS = YES;
				CLANG_WARN_STRICT_PROTOTYPES = YES;
				CLANG_WARN_SUSPICIOUS_MOVE = YES;
				CLANG_WARN_UNGUARDED_AVAILABILITY = YES_AGGRESSIVE;
				CLANG_WARN_UNREACHABLE_CODE = YES;
				CLANG_WARN__DUPLICATE_METHOD_MATCH = YES;
				COPY_PHASE_STRIP = NO;
				DEBUG_INFORMATION_FORMAT = dwarf;
				ENABLE_STRICT_OBJC_MSGSEND = YES;
				ENABLE_TESTABILITY = YES;
				GCC_C_LANGUAGE_STANDARD = gnu11;
				GCC_DYNAMIC_NO_PIC = NO;
				GCC_NO_COMMON_BLOCKS = YES;
				GCC_OPTIMIZATION_LEVEL = 0;
				GCC_PREPROCESSOR_DEFINITIONS = (
					"DEBUG=1",
					"$(inherited)",
				);
				GCC_WARN_64_TO_32_BIT_CONVERSION = YES;
				GCC_WARN_ABOUT_RETURN_TYPE = YES_ERROR;
				GCC_WARN_UNDECLARED_SELECTOR = YES;
				GCC_WARN_UNINITIALIZED_AUTOS = YES_AGGRESSIVE;
				GCC_WARN_UNUSED_FUNCTION = YES;
				GCC_WARN_UNUSED_VARIABLE = YES;
				IPHONEOS_DEPLOYMENT_TARGET = 14.0;
				MTL_ENABLE_DEBUG_INFO = INCLUDE_SOURCE;
				MTL_FAST_MATH = YES;
				ONLY_ACTIVE_ARCH = YES;
				SDKROOT = iphoneos;
				SWIFT_ACTIVE_COMPILATION_CONDITIONS = DEBUG;
				SWIFT_OPTIMIZATION_LEVEL = "-Onone";
			};
			name = Debug;
		};
		31186C0B25175C4600D90BE1 /* Release */ = {
			isa = XCBuildConfiguration;
			buildSettings = {
				ALWAYS_SEARCH_USER_PATHS = NO;
				CLANG_ANALYZER_NONNULL = YES;
				CLANG_ANALYZER_NUMBER_OBJECT_CONVERSION = YES_AGGRESSIVE;
				CLANG_CXX_LANGUAGE_STANDARD = "gnu++14";
				CLANG_CXX_LIBRARY = "libc++";
				CLANG_ENABLE_MODULES = YES;
				CLANG_ENABLE_OBJC_ARC = YES;
				CLANG_ENABLE_OBJC_WEAK = YES;
				CLANG_WARN_BLOCK_CAPTURE_AUTORELEASING = YES;
				CLANG_WARN_BOOL_CONVERSION = YES;
				CLANG_WARN_COMMA = YES;
				CLANG_WARN_CONSTANT_CONVERSION = YES;
				CLANG_WARN_DEPRECATED_OBJC_IMPLEMENTATIONS = YES;
				CLANG_WARN_DIRECT_OBJC_ISA_USAGE = YES_ERROR;
				CLANG_WARN_DOCUMENTATION_COMMENTS = YES;
				CLANG_WARN_EMPTY_BODY = YES;
				CLANG_WARN_ENUM_CONVERSION = YES;
				CLANG_WARN_INFINITE_RECURSION = YES;
				CLANG_WARN_INT_CONVERSION = YES;
				CLANG_WARN_NON_LITERAL_NULL_CONVERSION = YES;
				CLANG_WARN_OBJC_IMPLICIT_RETAIN_SELF = YES;
				CLANG_WARN_OBJC_LITERAL_CONVERSION = YES;
				CLANG_WARN_OBJC_ROOT_CLASS = YES_ERROR;
				CLANG_WARN_QUOTED_INCLUDE_IN_FRAMEWORK_HEADER = YES;
				CLANG_WARN_RANGE_LOOP_ANALYSIS = YES;
				CLANG_WARN_STRICT_PROTOTYPES = YES;
				CLANG_WARN_SUSPICIOUS_MOVE = YES;
				CLANG_WARN_UNGUARDED_AVAILABILITY = YES_AGGRESSIVE;
				CLANG_WARN_UNREACHABLE_CODE = YES;
				CLANG_WARN__DUPLICATE_METHOD_MATCH = YES;
				COPY_PHASE_STRIP = NO;
				DEBUG_INFORMATION_FORMAT = "dwarf-with-dsym";
				ENABLE_NS_ASSERTIONS = NO;
				ENABLE_STRICT_OBJC_MSGSEND = YES;
				GCC_C_LANGUAGE_STANDARD = gnu11;
				GCC_NO_COMMON_BLOCKS = YES;
				GCC_WARN_64_TO_32_BIT_CONVERSION = YES;
				GCC_WARN_ABOUT_RETURN_TYPE = YES_ERROR;
				GCC_WARN_UNDECLARED_SELECTOR = YES;
				GCC_WARN_UNINITIALIZED_AUTOS = YES_AGGRESSIVE;
				GCC_WARN_UNUSED_FUNCTION = YES;
				GCC_WARN_UNUSED_VARIABLE = YES;
				IPHONEOS_DEPLOYMENT_TARGET = 14.0;
				MTL_ENABLE_DEBUG_INFO = NO;
				MTL_FAST_MATH = YES;
				SDKROOT = iphoneos;
				SWIFT_COMPILATION_MODE = wholemodule;
				SWIFT_OPTIMIZATION_LEVEL = "-O";
				VALIDATE_PRODUCT = YES;
			};
			name = Release;
		};
		31186C0D25175C4600D90BE1 /* Debug */ = {
			isa = XCBuildConfiguration;
			buildSettings = {
				ASSETCATALOG_COMPILER_APPICON_NAME = AppIcon;
				ASSETCATALOG_COMPILER_GLOBAL_ACCENT_COLOR_NAME = AccentColor;
				CODE_SIGN_IDENTITY = "Apple Development";
				CODE_SIGN_STYLE = Automatic;
				DEVELOPMENT_ASSET_PATHS = "\"OVRegen/Preview Content\"";
				DEVELOPMENT_TEAM = WZP37VBK64;
				ENABLE_PREVIEWS = YES;
				INFOPLIST_FILE = OVRegen/Info.plist;
				IPHONEOS_DEPLOYMENT_TARGET = 14.0;
				LD_RUNPATH_SEARCH_PATHS = (
					"$(inherited)",
					"@executable_path/Frameworks",
				);
				PRODUCT_BUNDLE_IDENTIFIER = nl.ichthus.OVRegen;
				PRODUCT_NAME = "$(TARGET_NAME)";
				PROVISIONING_PROFILE_SPECIFIER = "";
				SWIFT_VERSION = 5.0;
				TARGETED_DEVICE_FAMILY = "1,2";
			};
			name = Debug;
		};
		31186C0E25175C4600D90BE1 /* Release */ = {
			isa = XCBuildConfiguration;
			buildSettings = {
				ASSETCATALOG_COMPILER_APPICON_NAME = AppIcon;
				ASSETCATALOG_COMPILER_GLOBAL_ACCENT_COLOR_NAME = AccentColor;
				CODE_SIGN_IDENTITY = "Apple Development";
				CODE_SIGN_STYLE = Automatic;
				DEVELOPMENT_ASSET_PATHS = "\"OVRegen/Preview Content\"";
				DEVELOPMENT_TEAM = WZP37VBK64;
				ENABLE_PREVIEWS = YES;
				INFOPLIST_FILE = OVRegen/Info.plist;
				IPHONEOS_DEPLOYMENT_TARGET = 14.0;
				LD_RUNPATH_SEARCH_PATHS = (
					"$(inherited)",
					"@executable_path/Frameworks",
				);
				PRODUCT_BUNDLE_IDENTIFIER = nl.ichthus.OVRegen;
				PRODUCT_NAME = "$(TARGET_NAME)";
				PROVISIONING_PROFILE_SPECIFIER = "";
				SWIFT_VERSION = 5.0;
				TARGETED_DEVICE_FAMILY = "1,2";
			};
			name = Release;
		};
		31186C1025175C4600D90BE1 /* Debug */ = {
			isa = XCBuildConfiguration;
			buildSettings = {
				ALWAYS_EMBED_SWIFT_STANDARD_LIBRARIES = YES;
				BUNDLE_LOADER = "$(TEST_HOST)";
				CODE_SIGN_STYLE = Automatic;
				DEVELOPMENT_TEAM = WZP37VBK64;
				INFOPLIST_FILE = OVRegenTests/Info.plist;
				IPHONEOS_DEPLOYMENT_TARGET = 14.0;
				LD_RUNPATH_SEARCH_PATHS = (
					"$(inherited)",
					"@executable_path/Frameworks",
					"@loader_path/Frameworks",
				);
				PRODUCT_BUNDLE_IDENTIFIER = nl.ichthus.OVRegenTests;
				PRODUCT_NAME = "$(TARGET_NAME)";
				SWIFT_VERSION = 5.0;
				TARGETED_DEVICE_FAMILY = "1,2";
				TEST_HOST = "$(BUILT_PRODUCTS_DIR)/OVRegen.app/OVRegen";
			};
			name = Debug;
		};
		31186C1125175C4600D90BE1 /* Release */ = {
			isa = XCBuildConfiguration;
			buildSettings = {
				ALWAYS_EMBED_SWIFT_STANDARD_LIBRARIES = YES;
				BUNDLE_LOADER = "$(TEST_HOST)";
				CODE_SIGN_STYLE = Automatic;
				DEVELOPMENT_TEAM = WZP37VBK64;
				INFOPLIST_FILE = OVRegenTests/Info.plist;
				IPHONEOS_DEPLOYMENT_TARGET = 14.0;
				LD_RUNPATH_SEARCH_PATHS = (
					"$(inherited)",
					"@executable_path/Frameworks",
					"@loader_path/Frameworks",
				);
				PRODUCT_BUNDLE_IDENTIFIER = nl.ichthus.OVRegenTests;
				PRODUCT_NAME = "$(TARGET_NAME)";
				SWIFT_VERSION = 5.0;
				TARGETED_DEVICE_FAMILY = "1,2";
				TEST_HOST = "$(BUILT_PRODUCTS_DIR)/OVRegen.app/OVRegen";
			};
			name = Release;
		};
		31186C1325175C4600D90BE1 /* Debug */ = {
			isa = XCBuildConfiguration;
			buildSettings = {
				ALWAYS_EMBED_SWIFT_STANDARD_LIBRARIES = YES;
				CODE_SIGN_STYLE = Automatic;
				DEVELOPMENT_TEAM = WZP37VBK64;
				INFOPLIST_FILE = OVRegenUITests/Info.plist;
				LD_RUNPATH_SEARCH_PATHS = (
					"$(inherited)",
					"@executable_path/Frameworks",
					"@loader_path/Frameworks",
				);
				PRODUCT_BUNDLE_IDENTIFIER = nl.ichthus.OVRegenUITests;
				PRODUCT_NAME = "$(TARGET_NAME)";
				SWIFT_VERSION = 5.0;
				TARGETED_DEVICE_FAMILY = "1,2";
				TEST_TARGET_NAME = OVRegen;
			};
			name = Debug;
		};
		31186C1425175C4600D90BE1 /* Release */ = {
			isa = XCBuildConfiguration;
			buildSettings = {
				ALWAYS_EMBED_SWIFT_STANDARD_LIBRARIES = YES;
				CODE_SIGN_STYLE = Automatic;
				DEVELOPMENT_TEAM = WZP37VBK64;
				INFOPLIST_FILE = OVRegenUITests/Info.plist;
				LD_RUNPATH_SEARCH_PATHS = (
					"$(inherited)",
					"@executable_path/Frameworks",
					"@loader_path/Frameworks",
				);
				PRODUCT_BUNDLE_IDENTIFIER = nl.ichthus.OVRegenUITests;
				PRODUCT_NAME = "$(TARGET_NAME)";
				SWIFT_VERSION = 5.0;
				TARGETED_DEVICE_FAMILY = "1,2";
				TEST_TARGET_NAME = OVRegen;
			};
			name = Release;
		};
/* End XCBuildConfiguration section */

/* Begin XCConfigurationList section */
		31186BE225175C4100D90BE1 /* Build configuration list for PBXProject "OVRegen" */ = {
			isa = XCConfigurationList;
			buildConfigurations = (
				31186C0A25175C4600D90BE1 /* Debug */,
				31186C0B25175C4600D90BE1 /* Release */,
			);
			defaultConfigurationIsVisible = 0;
			defaultConfigurationName = Release;
		};
		31186C0C25175C4600D90BE1 /* Build configuration list for PBXNativeTarget "OVRegen" */ = {
			isa = XCConfigurationList;
			buildConfigurations = (
				31186C0D25175C4600D90BE1 /* Debug */,
				31186C0E25175C4600D90BE1 /* Release */,
			);
			defaultConfigurationIsVisible = 0;
			defaultConfigurationName = Release;
		};
		31186C0F25175C4600D90BE1 /* Build configuration list for PBXNativeTarget "OVRegenTests" */ = {
			isa = XCConfigurationList;
			buildConfigurations = (
				31186C1025175C4600D90BE1 /* Debug */,
				31186C1125175C4600D90BE1 /* Release */,
			);
			defaultConfigurationIsVisible = 0;
			defaultConfigurationName = Release;
		};
		31186C1225175C4600D90BE1 /* Build configuration list for PBXNativeTarget "OVRegenUITests" */ = {
			isa = XCConfigurationList;
			buildConfigurations = (
				31186C1325175C4600D90BE1 /* Debug */,
				31186C1425175C4600D90BE1 /* Release */,
			);
			defaultConfigurationIsVisible = 0;
			defaultConfigurationName = Release;
		};
/* End XCConfigurationList section */
	};
	rootObject = 31186BDF25175C4100D90BE1 /* Project object */;
}
